
Microsoft Visual Studio Solution File, Format Version 12.00
# Visual Studio 15
VisualStudioVersion = 15.0.27428.2015
MinimumVisualStudioVersion = 10.0.40219.1
Project("{FAE04EC0-301F-11D3-BF4B-00C04F79EFBC}") = "WhatEver", "WhatEver\WhatEver.csproj", "{72A94D25-C3AF-4B6E-A245-CCC9DE668C3D}"
EndProject
Global
	GlobalSection(SolutionConfigurationPlatforms) = preSolution
		Debug|Any CPU = Debug|Any CPU
		Release|Any CPU = Release|Any CPU
	EndGlobalSection
	GlobalSection(ProjectConfigurationPlatforms) = postSolution
		{72A94D25-C3AF-4B6E-A245-CCC9DE668C3D}.Debug|Any CPU.ActiveCfg = Debug|Any CPU
		{72A94D25-C3AF-4B6E-A245-CCC9DE668C3D}.Debug|Any CPU.Build.0 = Debug|Any CPU
		{72A94D25-C3AF-4B6E-A245-CCC9DE668C3D}.Release|Any CPU.ActiveCfg = Release|Any CPU
		{72A94D25-C3AF-4B6E-A245-CCC9DE668C3D}.Release|Any CPU.Build.0 = Release|Any CPU
	EndGlobalSection
	GlobalSection(SolutionProperties) = preSolution
		HideSolutionNode = FALSE
	EndGlobalSection
	GlobalSection(ExtensibilityGlobals) = postSolution
		SolutionGuid = {F08EF3FE-3EC1-45CB-82BC-BB948C0A50E4}
	EndGlobalSection
EndGlobal
